
Microsoft Visual Studio Solution File, Format Version 12.00
# Visual Studio Version 16
VisualStudioVersion = 16.0.30804.86
MinimumVisualStudioVersion = 10.0.40219.1
Project("{FAE04EC0-301F-11D3-BF4B-00C04F79EFBC}") = "Task-1", "Task-1\Task-1.csproj", "{54ACA632-6EFD-48C6-8D01-BB6453753FD6}"
EndProject
Project("{FAE04EC0-301F-11D3-BF4B-00C04F79EFBC}") = "Task-2", "Task-2\Task-2.csproj", "{AA35F07E-4F8F-458B-8F0E-85C2C63532AF}"
EndProject
Global
	GlobalSection(SolutionConfigurationPlatforms) = preSolution
		Debug|Any CPU = Debug|Any CPU
		Release|Any CPU = Release|Any CPU
	EndGlobalSection
	GlobalSection(ProjectConfigurationPlatforms) = postSolution
		{54ACA632-6EFD-48C6-8D01-BB6453753FD6}.Debug|Any CPU.ActiveCfg = Debug|Any CPU
		{54ACA632-6EFD-48C6-8D01-BB6453753FD6}.Debug|Any CPU.Build.0 = Debug|Any CPU
		{54ACA632-6EFD-48C6-8D01-BB6453753FD6}.Release|Any CPU.ActiveCfg = Release|Any CPU
		{54ACA632-6EFD-48C6-8D01-BB6453753FD6}.Release|Any CPU.Build.0 = Release|Any CPU
		{AA35F07E-4F8F-458B-8F0E-85C2C63532AF}.Debug|Any CPU.ActiveCfg = Debug|Any CPU
		{AA35F07E-4F8F-458B-8F0E-85C2C63532AF}.Debug|Any CPU.Build.0 = Debug|Any CPU
		{AA35F07E-4F8F-458B-8F0E-85C2C63532AF}.Release|Any CPU.ActiveCfg = Release|Any CPU
		{AA35F07E-4F8F-458B-8F0E-85C2C63532AF}.Release|Any CPU.Build.0 = Release|Any CPU
	EndGlobalSection
	GlobalSection(SolutionProperties) = preSolution
		HideSolutionNode = FALSE
	EndGlobalSection
	GlobalSection(ExtensibilityGlobals) = postSolution
		SolutionGuid = {BEE35AE8-A2BB-4B41-8E60-4832A320BA1F}
	EndGlobalSection
EndGlobal
